
Microsoft Visual Studio Solution File, Format Version 12.00
# Visual Studio Version 16
VisualStudioVersion = 16.0.31005.135
MinimumVisualStudioVersion = 10.0.40219.1
Project("{9A19103F-16F7-4668-BE54-9A1E7A4F7556}") = "GCore.Source.Generators", "src\GCore.Source.Generators\GCore.Source.Generators.csproj", "{1E889CA9-8606-46B3-AB78-95CFC3F5A1FC}"
EndProject
Project("{9A19103F-16F7-4668-BE54-9A1E7A4F7556}") = "GCore.Source.Generators.CSharp", "src\GCore.Source.Generators.CSharp\GCore.Source.Generators.CSharp.csproj", "{6DAC2673-C5A2-4C90-BB3B-65934A835C54}"
EndProject
Project("{9A19103F-16F7-4668-BE54-9A1E7A4F7556}") = "GCore.Source", "src\GCore.Source\GCore.Source.csproj", "{3757948B-5EC6-4FCB-9D03-9E6ACBA71DC0}"
EndProject
Project("{9A19103F-16F7-4668-BE54-9A1E7A4F7556}") = "GCore.Source.Tests", "src\GCore.Source.Tests\GCore.Source.Tests.csproj", "{2586E9CF-24F7-4621-99C2-088123C05D72}"
EndProject
Project("{2150E333-8FDC-42A3-9474-1A3956D46DE8}") = "Misc", "Misc", "{7D1F9479-6DDD-45E1-B453-1F24FDA5E366}"
	ProjectSection(SolutionItems) = preProject
		src\Directory.Build.props = src\Directory.Build.props
		Version.props = Version.props
	EndProjectSection
EndProject
Project("{9A19103F-16F7-4668-BE54-9A1E7A4F7556}") = "GCore.Source.Generators.CSharp.Tests", "src\GCore.Source.Generators.CSharp.Tests\GCore.Source.Generators.CSharp.Tests.csproj", "{D69FED69-6B61-48A9-B7D3-CA393225C76E}"
EndProject
Project("{9A19103F-16F7-4668-BE54-9A1E7A4F7556}") = "GCore.Source.Generators.Tests", "src\GCore.Source.Generators.Tests\GCore.Source.Generators.Tests.csproj", "{43942539-D206-4DE0-B2B1-49F313410A7B}"
EndProject
Project("{2150E333-8FDC-42A3-9474-1A3956D46DE8}") = "Tests", "Tests", "{79D1AB15-0A41-4A32-820C-AFED98120C7E}"
EndProject
Project("{9A19103F-16F7-4668-BE54-9A1E7A4F7556}") = "GCore.Source.Generators.Scripting", "src\GCore.Source.Generators.Scripting\GCore.Source.Generators.Scripting.csproj", "{E840586B-6D5E-4C46-80F7-63F4D6ADEDA2}"
EndProject
Project("{9A19103F-16F7-4668-BE54-9A1E7A4F7556}") = "GCore.Source.Generators.Scripting.Tests", "src\GCore.Source.Generators.Scripting.Tests\GCore.Source.Generators.Scripting.Tests.csproj", "{9620DB5B-6AE6-4EFF-9E9C-9ADEEC2EDAAD}"
EndProject
Project("{9A19103F-16F7-4668-BE54-9A1E7A4F7556}") = "GCore.Source.Generators.Razor", "src\GCore.Source.Generators.Razor\GCore.Source.Generators.Razor.csproj", "{F52DF021-4D17-44CA-9A37-CB1AFDF91CD0}"
EndProject
Project("{9A19103F-16F7-4668-BE54-9A1E7A4F7556}") = "GCore.Source.Generators.Razor.Tests", "src\GCore.Source.Generators.Razor.Tests\GCore.Source.Generators.Razor.Tests.csproj", "{90345043-4207-47A7-ABD5-21056AE88E02}"
EndProject
Project("{9A19103F-16F7-4668-BE54-9A1E7A4F7556}") = "GCore.Source.Generators.Tests.Library", "src\GCore.Source.Generators.Tests.Library\GCore.Source.Generators.Tests.Library.csproj", "{576D142B-43AA-430D-B306-D01DA122DDC7}"
EndProject
Project("{9A19103F-16F7-4668-BE54-9A1E7A4F7556}") = "GCore.Source.Cli", "src\GCore.Source.Cli\GCore.Source.Cli.csproj", "{FE9654F0-69BA-480D-B41F-092171D70855}"
EndProject
Project("{9A19103F-16F7-4668-BE54-9A1E7A4F7556}") = "GCore.Source.Cli.Tests", "src\GCore.Source.Cli.Tests\GCore.Source.Cli.Tests.csproj", "{66504EB3-D86B-430F-BD44-AA0A04A37F22}"
EndProject
Project("{9A19103F-16F7-4668-BE54-9A1E7A4F7556}") = "GCore.Source.JsonClassGenerator", "src\GCore.Source.JsonClassGenerator\GCore.Source.JsonClassGenerator.csproj", "{8C2D1CF9-6260-4EF8-B981-68A509E905EF}"
EndProject
Project("{9A19103F-16F7-4668-BE54-9A1E7A4F7556}") = "GCore.Source.JsonClassGenerator.Cli", "src\GCore.Source.JsonClassGenerator.Cli\GCore.Source.JsonClassGenerator.Cli.csproj", "{A965DF1A-6C2D-4625-A735-995D9AB5476F}"
EndProject
Project("{9A19103F-16F7-4668-BE54-9A1E7A4F7556}") = "GCore.Source.JsonClassGenerator.Tests", "src\GCore.Source.JsonClassGenerator.Tests\GCore.Source.JsonClassGenerator.Tests.csproj", "{722C42FE-B944-4D00-9BCD-90C2A2497595}"
EndProject
Project("{FAE04EC0-301F-11D3-BF4B-00C04F79EFBC}") = "GCore.Source.Generators.T4", "src\GCore.Source.Generators.T4\GCore.Source.Generators.T4.csproj", "{A0F7D4B3-2F08-4CB7-A6EB-94BCBF1822B0}"
EndProject
Project("{FAE04EC0-301F-11D3-BF4B-00C04F79EFBC}") = "GCore.Source.Generators.T4.Tests", "src\GCore.Source.Generators.T4.Tests\GCore.Source.Generators.T4.Tests.csproj", "{27772422-9776-46D7-900C-89408BCE4E82}"
EndProject
Global
	GlobalSection(SolutionConfigurationPlatforms) = preSolution
		Debug|Any CPU = Debug|Any CPU
		Release|Any CPU = Release|Any CPU
	EndGlobalSection
	GlobalSection(ProjectConfigurationPlatforms) = postSolution
		{1E889CA9-8606-46B3-AB78-95CFC3F5A1FC}.Debug|Any CPU.ActiveCfg = Debug|Any CPU
		{1E889CA9-8606-46B3-AB78-95CFC3F5A1FC}.Debug|Any CPU.Build.0 = Debug|Any CPU
		{1E889CA9-8606-46B3-AB78-95CFC3F5A1FC}.Release|Any CPU.ActiveCfg = Release|Any CPU
		{1E889CA9-8606-46B3-AB78-95CFC3F5A1FC}.Release|Any CPU.Build.0 = Release|Any CPU
		{6DAC2673-C5A2-4C90-BB3B-65934A835C54}.Debug|Any CPU.ActiveCfg = Debug|Any CPU
		{6DAC2673-C5A2-4C90-BB3B-65934A835C54}.Debug|Any CPU.Build.0 = Debug|Any CPU
		{6DAC2673-C5A2-4C90-BB3B-65934A835C54}.Release|Any CPU.ActiveCfg = Release|Any CPU
		{6DAC2673-C5A2-4C90-BB3B-65934A835C54}.Release|Any CPU.Build.0 = Release|Any CPU
		{3757948B-5EC6-4FCB-9D03-9E6ACBA71DC0}.Debug|Any CPU.ActiveCfg = Debug|Any CPU
		{3757948B-5EC6-4FCB-9D03-9E6ACBA71DC0}.Debug|Any CPU.Build.0 = Debug|Any CPU
		{3757948B-5EC6-4FCB-9D03-9E6ACBA71DC0}.Release|Any CPU.ActiveCfg = Release|Any CPU
		{3757948B-5EC6-4FCB-9D03-9E6ACBA71DC0}.Release|Any CPU.Build.0 = Release|Any CPU
		{2586E9CF-24F7-4621-99C2-088123C05D72}.Debug|Any CPU.ActiveCfg = Debug|Any CPU
		{2586E9CF-24F7-4621-99C2-088123C05D72}.Debug|Any CPU.Build.0 = Debug|Any CPU
		{2586E9CF-24F7-4621-99C2-088123C05D72}.Release|Any CPU.ActiveCfg = Release|Any CPU
		{2586E9CF-24F7-4621-99C2-088123C05D72}.Release|Any CPU.Build.0 = Release|Any CPU
		{D69FED69-6B61-48A9-B7D3-CA393225C76E}.Debug|Any CPU.ActiveCfg = Debug|Any CPU
		{D69FED69-6B61-48A9-B7D3-CA393225C76E}.Debug|Any CPU.Build.0 = Debug|Any CPU
		{D69FED69-6B61-48A9-B7D3-CA393225C76E}.Release|Any CPU.ActiveCfg = Release|Any CPU
		{D69FED69-6B61-48A9-B7D3-CA393225C76E}.Release|Any CPU.Build.0 = Release|Any CPU
		{43942539-D206-4DE0-B2B1-49F313410A7B}.Debug|Any CPU.ActiveCfg = Debug|Any CPU
		{43942539-D206-4DE0-B2B1-49F313410A7B}.Debug|Any CPU.Build.0 = Debug|Any CPU
		{43942539-D206-4DE0-B2B1-49F313410A7B}.Release|Any CPU.ActiveCfg = Release|Any CPU
		{43942539-D206-4DE0-B2B1-49F313410A7B}.Release|Any CPU.Build.0 = Release|Any CPU
		{E840586B-6D5E-4C46-80F7-63F4D6ADEDA2}.Debug|Any CPU.ActiveCfg = Debug|Any CPU
		{E840586B-6D5E-4C46-80F7-63F4D6ADEDA2}.Debug|Any CPU.Build.0 = Debug|Any CPU
		{E840586B-6D5E-4C46-80F7-63F4D6ADEDA2}.Release|Any CPU.ActiveCfg = Release|Any CPU
		{E840586B-6D5E-4C46-80F7-63F4D6ADEDA2}.Release|Any CPU.Build.0 = Release|Any CPU
		{9620DB5B-6AE6-4EFF-9E9C-9ADEEC2EDAAD}.Debug|Any CPU.ActiveCfg = Debug|Any CPU
		{9620DB5B-6AE6-4EFF-9E9C-9ADEEC2EDAAD}.Debug|Any CPU.Build.0 = Debug|Any CPU
		{9620DB5B-6AE6-4EFF-9E9C-9ADEEC2EDAAD}.Release|Any CPU.ActiveCfg = Release|Any CPU
		{9620DB5B-6AE6-4EFF-9E9C-9ADEEC2EDAAD}.Release|Any CPU.Build.0 = Release|Any CPU
		{F52DF021-4D17-44CA-9A37-CB1AFDF91CD0}.Debug|Any CPU.ActiveCfg = Debug|Any CPU
		{F52DF021-4D17-44CA-9A37-CB1AFDF91CD0}.Debug|Any CPU.Build.0 = Debug|Any CPU
		{F52DF021-4D17-44CA-9A37-CB1AFDF91CD0}.Release|Any CPU.ActiveCfg = Release|Any CPU
		{F52DF021-4D17-44CA-9A37-CB1AFDF91CD0}.Release|Any CPU.Build.0 = Release|Any CPU
		{90345043-4207-47A7-ABD5-21056AE88E02}.Debug|Any CPU.ActiveCfg = Debug|Any CPU
		{90345043-4207-47A7-ABD5-21056AE88E02}.Debug|Any CPU.Build.0 = Debug|Any CPU
		{90345043-4207-47A7-ABD5-21056AE88E02}.Release|Any CPU.ActiveCfg = Release|Any CPU
		{90345043-4207-47A7-ABD5-21056AE88E02}.Release|Any CPU.Build.0 = Release|Any CPU
		{576D142B-43AA-430D-B306-D01DA122DDC7}.Debug|Any CPU.ActiveCfg = Debug|Any CPU
		{576D142B-43AA-430D-B306-D01DA122DDC7}.Debug|Any CPU.Build.0 = Debug|Any CPU
		{576D142B-43AA-430D-B306-D01DA122DDC7}.Release|Any CPU.ActiveCfg = Release|Any CPU
		{576D142B-43AA-430D-B306-D01DA122DDC7}.Release|Any CPU.Build.0 = Release|Any CPU
		{FE9654F0-69BA-480D-B41F-092171D70855}.Debug|Any CPU.ActiveCfg = Debug|Any CPU
		{FE9654F0-69BA-480D-B41F-092171D70855}.Debug|Any CPU.Build.0 = Debug|Any CPU
		{FE9654F0-69BA-480D-B41F-092171D70855}.Release|Any CPU.ActiveCfg = Release|Any CPU
		{FE9654F0-69BA-480D-B41F-092171D70855}.Release|Any CPU.Build.0 = Release|Any CPU
		{66504EB3-D86B-430F-BD44-AA0A04A37F22}.Debug|Any CPU.ActiveCfg = Debug|Any CPU
		{66504EB3-D86B-430F-BD44-AA0A04A37F22}.Debug|Any CPU.Build.0 = Debug|Any CPU
		{66504EB3-D86B-430F-BD44-AA0A04A37F22}.Release|Any CPU.ActiveCfg = Release|Any CPU
		{66504EB3-D86B-430F-BD44-AA0A04A37F22}.Release|Any CPU.Build.0 = Release|Any CPU
		{8C2D1CF9-6260-4EF8-B981-68A509E905EF}.Debug|Any CPU.ActiveCfg = Debug|Any CPU
		{8C2D1CF9-6260-4EF8-B981-68A509E905EF}.Debug|Any CPU.Build.0 = Debug|Any CPU
		{8C2D1CF9-6260-4EF8-B981-68A509E905EF}.Release|Any CPU.ActiveCfg = Release|Any CPU
		{8C2D1CF9-6260-4EF8-B981-68A509E905EF}.Release|Any CPU.Build.0 = Release|Any CPU
		{A965DF1A-6C2D-4625-A735-995D9AB5476F}.Debug|Any CPU.ActiveCfg = Debug|Any CPU
		{A965DF1A-6C2D-4625-A735-995D9AB5476F}.Debug|Any CPU.Build.0 = Debug|Any CPU
		{A965DF1A-6C2D-4625-A735-995D9AB5476F}.Release|Any CPU.ActiveCfg = Release|Any CPU
		{A965DF1A-6C2D-4625-A735-995D9AB5476F}.Release|Any CPU.Build.0 = Release|Any CPU
		{722C42FE-B944-4D00-9BCD-90C2A2497595}.Debug|Any CPU.ActiveCfg = Debug|Any CPU
		{722C42FE-B944-4D00-9BCD-90C2A2497595}.Debug|Any CPU.Build.0 = Debug|Any CPU
		{722C42FE-B944-4D00-9BCD-90C2A2497595}.Release|Any CPU.ActiveCfg = Release|Any CPU
		{722C42FE-B944-4D00-9BCD-90C2A2497595}.Release|Any CPU.Build.0 = Release|Any CPU
		{A0F7D4B3-2F08-4CB7-A6EB-94BCBF1822B0}.Debug|Any CPU.ActiveCfg = Debug|Any CPU
		{A0F7D4B3-2F08-4CB7-A6EB-94BCBF1822B0}.Debug|Any CPU.Build.0 = Debug|Any CPU
		{A0F7D4B3-2F08-4CB7-A6EB-94BCBF1822B0}.Release|Any CPU.ActiveCfg = Release|Any CPU
		{A0F7D4B3-2F08-4CB7-A6EB-94BCBF1822B0}.Release|Any CPU.Build.0 = Release|Any CPU
		{27772422-9776-46D7-900C-89408BCE4E82}.Debug|Any CPU.ActiveCfg = Debug|Any CPU
		{27772422-9776-46D7-900C-89408BCE4E82}.Debug|Any CPU.Build.0 = Debug|Any CPU
		{27772422-9776-46D7-900C-89408BCE4E82}.Release|Any CPU.ActiveCfg = Release|Any CPU
		{27772422-9776-46D7-900C-89408BCE4E82}.Release|Any CPU.Build.0 = Release|Any CPU
	EndGlobalSection
	GlobalSection(SolutionProperties) = preSolution
		HideSolutionNode = FALSE
	EndGlobalSection
	GlobalSection(NestedProjects) = preSolution
		{2586E9CF-24F7-4621-99C2-088123C05D72} = {79D1AB15-0A41-4A32-820C-AFED98120C7E}
		{D69FED69-6B61-48A9-B7D3-CA393225C76E} = {79D1AB15-0A41-4A32-820C-AFED98120C7E}
		{43942539-D206-4DE0-B2B1-49F313410A7B} = {79D1AB15-0A41-4A32-820C-AFED98120C7E}
		{9620DB5B-6AE6-4EFF-9E9C-9ADEEC2EDAAD} = {79D1AB15-0A41-4A32-820C-AFED98120C7E}
		{90345043-4207-47A7-ABD5-21056AE88E02} = {79D1AB15-0A41-4A32-820C-AFED98120C7E}
		{576D142B-43AA-430D-B306-D01DA122DDC7} = {79D1AB15-0A41-4A32-820C-AFED98120C7E}
		{66504EB3-D86B-430F-BD44-AA0A04A37F22} = {79D1AB15-0A41-4A32-820C-AFED98120C7E}
		{722C42FE-B944-4D00-9BCD-90C2A2497595} = {79D1AB15-0A41-4A32-820C-AFED98120C7E}
		{27772422-9776-46D7-900C-89408BCE4E82} = {79D1AB15-0A41-4A32-820C-AFED98120C7E}
	EndGlobalSection
	GlobalSection(ExtensibilityGlobals) = postSolution
		SolutionGuid = {5E444A06-9F82-459C-A065-44639330FC46}
	EndGlobalSection
EndGlobal
